
Microsoft Visual Studio Solution File, Format Version 12.00
# Visual Studio Version 17
VisualStudioVersion = 17.12.35707.178
MinimumVisualStudioVersion = 10.0.40219.1
Project("{FAE04EC0-301F-11D3-BF4B-00C04F79EFBC}") = "Nexus 2.0", "Nexus 2.0.csproj", "{1833380B-68AC-49B1-BA33-BFEC0FD6D49F}"
EndProject
Global
	GlobalSection(SolutionConfigurationPlatforms) = preSolution
		Debug|Any CPU = Debug|Any CPU
		Debug|x64 = Debug|x64
		Release|Any CPU = Release|Any CPU
		Release|x64 = Release|x64
	EndGlobalSection
	GlobalSection(ProjectConfigurationPlatforms) = postSolution
		{1833380B-68AC-49B1-BA33-BFEC0FD6D49F}.Debug|Any CPU.ActiveCfg = Debug|Any CPU
		{1833380B-68AC-49B1-BA33-BFEC0FD6D49F}.Debug|Any CPU.Build.0 = Debug|Any CPU
		{1833380B-68AC-49B1-BA33-BFEC0FD6D49F}.Debug|x64.ActiveCfg = Debug|x64
		{1833380B-68AC-49B1-BA33-BFEC0FD6D49F}.Debug|x64.Build.0 = Debug|x64
		{1833380B-68AC-49B1-BA33-BFEC0FD6D49F}.Release|Any CPU.ActiveCfg = Release|Any CPU
		{1833380B-68AC-49B1-BA33-BFEC0FD6D49F}.Release|Any CPU.Build.0 = Release|Any CPU
		{1833380B-68AC-49B1-BA33-BFEC0FD6D49F}.Release|x64.ActiveCfg = Release|x64
		{1833380B-68AC-49B1-BA33-BFEC0FD6D49F}.Release|x64.Build.0 = Release|x64
	EndGlobalSection
	GlobalSection(SolutionProperties) = preSolution
		HideSolutionNode = FALSE
	EndGlobalSection
EndGlobal
